// !$*UTF8*$!
{
	archiveVersion = 1;
	classes = {
	};
	objectVersion = 46;
	objects = {

/* Begin PBXBuildFile section */
		344CF6B01D84CBCD0006115A /* menu.json in Resources */ = {isa = PBXBuildFile; fileRef = 344CF6AF1D84CBCD0006115A /* menu.json */; };
		CC00AAA41D715F6E0001A377 /* customTVC.swift in Sources */ = {isa = PBXBuildFile; fileRef = CC00AAA31D715F6E0001A377 /* customTVC.swift */; };
		CC12DA571D7138B4007ADBCF /* AppDelegate.swift in Sources */ = {isa = PBXBuildFile; fileRef = CC12DA561D7138B4007ADBCF /* AppDelegate.swift */; };
		CC12DA591D7138B4007ADBCF /* ViewController.swift in Sources */ = {isa = PBXBuildFile; fileRef = CC12DA581D7138B4007ADBCF /* ViewController.swift */; };
		CC12DA5C1D7138B4007ADBCF /* Main.storyboard in Resources */ = {isa = PBXBuildFile; fileRef = CC12DA5A1D7138B4007ADBCF /* Main.storyboard */; };
		CC12DA5E1D7138B4007ADBCF /* Assets.xcassets in Resources */ = {isa = PBXBuildFile; fileRef = CC12DA5D1D7138B4007ADBCF /* Assets.xcassets */; };
		CC12DA611D7138B4007ADBCF /* LaunchScreen.storyboard in Resources */ = {isa = PBXBuildFile; fileRef = CC12DA5F1D7138B4007ADBCF /* LaunchScreen.storyboard */; };
		CC12DA6C1D7138B5007ADBCF /* First_ClassTests.swift in Sources */ = {isa = PBXBuildFile; fileRef = CC12DA6B1D7138B5007ADBCF /* First_ClassTests.swift */; };
		CC12DA771D7138B5007ADBCF /* First_ClassUITests.swift in Sources */ = {isa = PBXBuildFile; fileRef = CC12DA761D7138B5007ADBCF /* First_ClassUITests.swift */; };
		CC12DAC51D78E562007ADBCF /* textViewerCVC.swift in Sources */ = {isa = PBXBuildFile; fileRef = CC12DAC41D78E562007ADBCF /* textViewerCVC.swift */; };
		CC12DACA1D78E6CC007ADBCF /* Navegacion basica.strings in Resources */ = {isa = PBXBuildFile; fileRef = CC12DAC91D78E6CC007ADBCF /* Navegacion basica.strings */; };
		CC65DA3F1D7B71CE0085171F /* Frank no vino.strings in Resources */ = {isa = PBXBuildFile; fileRef = CC65DA3E1D7B71CE0085171F /* Frank no vino.strings */; };
		CC65DA411D7B71E20085171F /* Conceptos basicos II.strings in Resources */ = {isa = PBXBuildFile; fileRef = CC65DA401D7B71E20085171F /* Conceptos basicos II.strings */; };
		CE521A161D8784AF008A8EAD /* Utilities.swift in Sources */ = {isa = PBXBuildFile; fileRef = CE521A151D8784AF008A8EAD /* Utilities.swift */; };
		CE5CC9E01D84C73C001BDE41 /* Conceptos basicos.strings in Resources */ = {isa = PBXBuildFile; fileRef = CE5CC9DF1D84C73C001BDE41 /* Conceptos basicos.strings */; };
/* End PBXBuildFile section */

/* Begin PBXContainerItemProxy section */
		CC12DA681D7138B5007ADBCF /* PBXContainerItemProxy */ = {
			isa = PBXContainerItemProxy;
			containerPortal = CC12DA4B1D7138B4007ADBCF /* Project object */;
			proxyType = 1;
			remoteGlobalIDString = CC12DA521D7138B4007ADBCF;
			remoteInfo = "First Class";
		};
		CC12DA731D7138B5007ADBCF /* PBXContainerItemProxy */ = {
			isa = PBXContainerItemProxy;
			containerPortal = CC12DA4B1D7138B4007ADBCF /* Project object */;
			proxyType = 1;
			remoteGlobalIDString = CC12DA521D7138B4007ADBCF;
			remoteInfo = "First Class";
		};
/* End PBXContainerItemProxy section */

/* Begin PBXFileReference section */
		344CF6AF1D84CBCD0006115A /* menu.json */ = {isa = PBXFileReference; fileEncoding = 4; lastKnownFileType = text.json; name = menu.json; path = resources/menu.json; sourceTree = "<group>"; };
		CC00AAA31D715F6E0001A377 /* customTVC.swift */ = {isa = PBXFileReference; fileEncoding = 4; lastKnownFileType = sourcecode.swift; name = customTVC.swift; path = Custom/customTVC.swift; sourceTree = "<group>"; };
		CC12DA531D7138B4007ADBCF /* First Class.app */ = {isa = PBXFileReference; explicitFileType = wrapper.application; includeInIndex = 0; path = "First Class.app"; sourceTree = BUILT_PRODUCTS_DIR; };
		CC12DA561D7138B4007ADBCF /* AppDelegate.swift */ = {isa = PBXFileReference; lastKnownFileType = sourcecode.swift; path = AppDelegate.swift; sourceTree = "<group>"; };
		CC12DA581D7138B4007ADBCF /* ViewController.swift */ = {isa = PBXFileReference; lastKnownFileType = sourcecode.swift; path = ViewController.swift; sourceTree = "<group>"; };
		CC12DA5B1D7138B4007ADBCF /* Base */ = {isa = PBXFileReference; lastKnownFileType = file.storyboard; name = Base; path = Base.lproj/Main.storyboard; sourceTree = "<group>"; };
		CC12DA5D1D7138B4007ADBCF /* Assets.xcassets */ = {isa = PBXFileReference; lastKnownFileType = folder.assetcatalog; path = Assets.xcassets; sourceTree = "<group>"; };
		CC12DA601D7138B4007ADBCF /* Base */ = {isa = PBXFileReference; lastKnownFileType = file.storyboard; name = Base; path = Base.lproj/LaunchScreen.storyboard; sourceTree = "<group>"; };
		CC12DA621D7138B4007ADBCF /* Info.plist */ = {isa = PBXFileReference; lastKnownFileType = text.plist.xml; path = Info.plist; sourceTree = "<group>"; };
		CC12DA671D7138B5007ADBCF /* First ClassTests.xctest */ = {isa = PBXFileReference; explicitFileType = wrapper.cfbundle; includeInIndex = 0; path = "First ClassTests.xctest"; sourceTree = BUILT_PRODUCTS_DIR; };
		CC12DA6B1D7138B5007ADBCF /* First_ClassTests.swift */ = {isa = PBXFileReference; lastKnownFileType = sourcecode.swift; path = First_ClassTests.swift; sourceTree = "<group>"; };
		CC12DA6D1D7138B5007ADBCF /* Info.plist */ = {isa = PBXFileReference; lastKnownFileType = text.plist.xml; path = Info.plist; sourceTree = "<group>"; };
		CC12DA721D7138B5007ADBCF /* First ClassUITests.xctest */ = {isa = PBXFileReference; explicitFileType = wrapper.cfbundle; includeInIndex = 0; path = "First ClassUITests.xctest"; sourceTree = BUILT_PRODUCTS_DIR; };
		CC12DA761D7138B5007ADBCF /* First_ClassUITests.swift */ = {isa = PBXFileReference; lastKnownFileType = sourcecode.swift; path = First_ClassUITests.swift; sourceTree = "<group>"; };
		CC12DA781D7138B5007ADBCF /* Info.plist */ = {isa = PBXFileReference; lastKnownFileType = text.plist.xml; path = Info.plist; sourceTree = "<group>"; };
		CC12DAC41D78E562007ADBCF /* textViewerCVC.swift */ = {isa = PBXFileReference; fileEncoding = 4; lastKnownFileType = sourcecode.swift; name = textViewerCVC.swift; path = Custom/textViewerCVC.swift; sourceTree = "<group>"; };
		CC12DAC91D78E6CC007ADBCF /* Navegacion basica.strings */ = {isa = PBXFileReference; fileEncoding = 4; lastKnownFileType = text.plist.strings; path = "Navegacion basica.strings"; sourceTree = "<group>"; };
		CC65DA3E1D7B71CE0085171F /* Frank no vino.strings */ = {isa = PBXFileReference; fileEncoding = 4; lastKnownFileType = text.plist.strings; path = "Frank no vino.strings"; sourceTree = "<group>"; };
		CC65DA401D7B71E20085171F /* Conceptos basicos II.strings */ = {isa = PBXFileReference; fileEncoding = 4; lastKnownFileType = text.plist.strings; path = "Conceptos basicos II.strings"; sourceTree = "<group>"; };
		CE521A151D8784AF008A8EAD /* Utilities.swift */ = {isa = PBXFileReference; fileEncoding = 4; lastKnownFileType = sourcecode.swift; name = Utilities.swift; path = resources/Utilities.swift; sourceTree = "<group>"; };
		CE5CC9DF1D84C73C001BDE41 /* Conceptos basicos.strings */ = {isa = PBXFileReference; fileEncoding = 4; lastKnownFileType = text.plist.strings; path = "Conceptos basicos.strings"; sourceTree = "<group>"; };
/* End PBXFileReference section */

/* Begin PBXFrameworksBuildPhase section */
		CC12DA501D7138B4007ADBCF /* Frameworks */ = {
			isa = PBXFrameworksBuildPhase;
			buildActionMask = 2147483647;
			files = (
			);
			runOnlyForDeploymentPostprocessing = 0;
		};
		CC12DA641D7138B5007ADBCF /* Frameworks */ = {
			isa = PBXFrameworksBuildPhase;
			buildActionMask = 2147483647;
			files = (
			);
			runOnlyForDeploymentPostprocessing = 0;
		};
		CC12DA6F1D7138B5007ADBCF /* Frameworks */ = {
			isa = PBXFrameworksBuildPhase;
			buildActionMask = 2147483647;
			files = (
			);
			runOnlyForDeploymentPostprocessing = 0;
		};
/* End PBXFrameworksBuildPhase section */

/* Begin PBXGroup section */
		344CF6B11D84CBD80006115A /* Resources */ = {
			isa = PBXGroup;
			children = (
				CE521A151D8784AF008A8EAD /* Utilities.swift */,
				344CF6AF1D84CBCD0006115A /* menu.json */,
			);
			name = Resources;
			sourceTree = "<group>";
		};
		CC12DA4A1D7138B4007ADBCF = {
			isa = PBXGroup;
			children = (
				CC12DA551D7138B4007ADBCF /* First Class */,
				CC12DA6A1D7138B5007ADBCF /* First ClassTests */,
				CC12DA751D7138B5007ADBCF /* First ClassUITests */,
				CC12DA541D7138B4007ADBCF /* Products */,
			);
			sourceTree = "<group>";
		};
		CC12DA541D7138B4007ADBCF /* Products */ = {
			isa = PBXGroup;
			children = (
				CC12DA531D7138B4007ADBCF /* First Class.app */,
				CC12DA671D7138B5007ADBCF /* First ClassTests.xctest */,
				CC12DA721D7138B5007ADBCF /* First ClassUITests.xctest */,
			);
			name = Products;
			sourceTree = "<group>";
		};
		CC12DA551D7138B4007ADBCF /* First Class */ = {
			isa = PBXGroup;
			children = (
				344CF6B11D84CBD80006115A /* Resources */,
				CC12DAC81D78E688007ADBCF /* Class Contents */,
				CC12DA561D7138B4007ADBCF /* AppDelegate.swift */,
				CC12DAC61D78E65B007ADBCF /* Main Views */,
				CC12DA5A1D7138B4007ADBCF /* Main.storyboard */,
				CC12DAC71D78E66E007ADBCF /* Custom cells */,
				CC12DA5D1D7138B4007ADBCF /* Assets.xcassets */,
				CC12DA5F1D7138B4007ADBCF /* LaunchScreen.storyboard */,
				CC12DA621D7138B4007ADBCF /* Info.plist */,
			);
			path = "First Class";
			sourceTree = "<group>";
		};
		CC12DA6A1D7138B5007ADBCF /* First ClassTests */ = {
			isa = PBXGroup;
			children = (
				CC12DA6B1D7138B5007ADBCF /* First_ClassTests.swift */,
				CC12DA6D1D7138B5007ADBCF /* Info.plist */,
			);
			path = "First ClassTests";
			sourceTree = "<group>";
		};
		CC12DA751D7138B5007ADBCF /* First ClassUITests */ = {
			isa = PBXGroup;
			children = (
				CC12DA761D7138B5007ADBCF /* First_ClassUITests.swift */,
				CC12DA781D7138B5007ADBCF /* Info.plist */,
			);
			path = "First ClassUITests";
			sourceTree = "<group>";
		};
		CC12DAC61D78E65B007ADBCF /* Main Views */ = {
			isa = PBXGroup;
			children = (
				CC12DA581D7138B4007ADBCF /* ViewController.swift */,
				CC12DAC41D78E562007ADBCF /* textViewerCVC.swift */,
			);
			name = "Main Views";
			sourceTree = "<group>";
		};
		CC12DAC71D78E66E007ADBCF /* Custom cells */ = {
			isa = PBXGroup;
			children = (
				CC00AAA31D715F6E0001A377 /* customTVC.swift */,
			);
			name = "Custom cells";
			sourceTree = "<group>";
		};
		CC12DAC81D78E688007ADBCF /* Class Contents */ = {
			isa = PBXGroup;
			children = (
				CC12DAC91D78E6CC007ADBCF /* Navegacion basica.strings */,
				CC65DA3E1D7B71CE0085171F /* Frank no vino.strings */,
				CC65DA401D7B71E20085171F /* Conceptos basicos II.strings */,
				CE5CC9DF1D84C73C001BDE41 /* Conceptos basicos.strings */,
			);
			name = "Class Contents";
			sourceTree = "<group>";
		};
/* End PBXGroup section */

/* Begin PBXNativeTarget section */
		CC12DA521D7138B4007ADBCF /* First Class */ = {
			isa = PBXNativeTarget;
			buildConfigurationList = CC12DA7B1D7138B5007ADBCF /* Build configuration list for PBXNativeTarget "First Class" */;
			buildPhases = (
				CC12DA4F1D7138B4007ADBCF /* Sources */,
				CC12DA501D7138B4007ADBCF /* Frameworks */,
				CC12DA511D7138B4007ADBCF /* Resources */,
			);
			buildRules = (
			);
			dependencies = (
			);
			name = "First Class";
			productName = "First Class";
			productReference = CC12DA531D7138B4007ADBCF /* First Class.app */;
			productType = "com.apple.product-type.application";
		};
		CC12DA661D7138B5007ADBCF /* First ClassTests */ = {
			isa = PBXNativeTarget;
			buildConfigurationList = CC12DA7E1D7138B5007ADBCF /* Build configuration list for PBXNativeTarget "First ClassTests" */;
			buildPhases = (
				CC12DA631D7138B5007ADBCF /* Sources */,
				CC12DA641D7138B5007ADBCF /* Frameworks */,
				CC12DA651D7138B5007ADBCF /* Resources */,
			);
			buildRules = (
			);
			dependencies = (
				CC12DA691D7138B5007ADBCF /* PBXTargetDependency */,
			);
			name = "First ClassTests";
			productName = "First ClassTests";
			productReference = CC12DA671D7138B5007ADBCF /* First ClassTests.xctest */;
			productType = "com.apple.product-type.bundle.unit-test";
		};
		CC12DA711D7138B5007ADBCF /* First ClassUITests */ = {
			isa = PBXNativeTarget;
			buildConfigurationList = CC12DA811D7138B5007ADBCF /* Build configuration list for PBXNativeTarget "First ClassUITests" */;
			buildPhases = (
				CC12DA6E1D7138B5007ADBCF /* Sources */,
				CC12DA6F1D7138B5007ADBCF /* Frameworks */,
				CC12DA701D7138B5007ADBCF /* Resources */,
			);
			buildRules = (
			);
			dependencies = (
				CC12DA741D7138B5007ADBCF /* PBXTargetDependency */,
			);
			name = "First ClassUITests";
			productName = "First ClassUITests";
			productReference = CC12DA721D7138B5007ADBCF /* First ClassUITests.xctest */;
			productType = "com.apple.product-type.bundle.ui-testing";
		};
/* End PBXNativeTarget section */

/* Begin PBXProject section */
		CC12DA4B1D7138B4007ADBCF /* Project object */ = {
			isa = PBXProject;
			attributes = {
				LastSwiftUpdateCheck = 0730;
				LastUpgradeCheck = 0730;
				ORGANIZATIONNAME = "Victor Cabrales";
				TargetAttributes = {
					CC12DA521D7138B4007ADBCF = {
						CreatedOnToolsVersion = 7.3.1;
						DevelopmentTeam = FE55LHMPQG;
					};
					CC12DA661D7138B5007ADBCF = {
						CreatedOnToolsVersion = 7.3.1;
						TestTargetID = CC12DA521D7138B4007ADBCF;
					};
					CC12DA711D7138B5007ADBCF = {
						CreatedOnToolsVersion = 7.3.1;
						TestTargetID = CC12DA521D7138B4007ADBCF;
					};
				};
			};
			buildConfigurationList = CC12DA4E1D7138B4007ADBCF /* Build configuration list for PBXProject "First Class" */;
			compatibilityVersion = "Xcode 3.2";
			developmentRegion = English;
			hasScannedForEncodings = 0;
			knownRegions = (
				en,
				Base,
			);
			mainGroup = CC12DA4A1D7138B4007ADBCF;
			productRefGroup = CC12DA541D7138B4007ADBCF /* Products */;
			projectDirPath = "";
			projectRoot = "";
			targets = (
				CC12DA521D7138B4007ADBCF /* First Class */,
				CC12DA661D7138B5007ADBCF /* First ClassTests */,
				CC12DA711D7138B5007ADBCF /* First ClassUITests */,
			);
		};
/* End PBXProject section */

/* Begin PBXResourcesBuildPhase section */
		CC12DA511D7138B4007ADBCF /* Resources */ = {
			isa = PBXResourcesBuildPhase;
			buildActionMask = 2147483647;
			files = (
				CC65DA411D7B71E20085171F /* Conceptos basicos II.strings in Resources */,
				CC12DA611D7138B4007ADBCF /* LaunchScreen.storyboard in Resources */,
				CC65DA3F1D7B71CE0085171F /* Frank no vino.strings in Resources */,
				CC12DACA1D78E6CC007ADBCF /* Navegacion basica.strings in Resources */,
				CC12DA5E1D7138B4007ADBCF /* Assets.xcassets in Resources */,
				CC12DA5C1D7138B4007ADBCF /* Main.storyboard in Resources */,
				344CF6B01D84CBCD0006115A /* menu.json in Resources */,
				CE5CC9E01D84C73C001BDE41 /* Conceptos basicos.strings in Resources */,
			);
			runOnlyForDeploymentPostprocessing = 0;
		};
		CC12DA651D7138B5007ADBCF /* Resources */ = {
			isa = PBXResourcesBuildPhase;
			buildActionMask = 2147483647;
			files = (
			);
			runOnlyForDeploymentPostprocessing = 0;
		};
		CC12DA701D7138B5007ADBCF /* Resources */ = {
			isa = PBXResourcesBuildPhase;
			buildActionMask = 2147483647;
			files = (
			);
			runOnlyForDeploymentPostprocessing = 0;
		};
/* End PBXResourcesBuildPhase section */

/* Begin PBXSourcesBuildPhase section */
		CC12DA4F1D7138B4007ADBCF /* Sources */ = {
			isa = PBXSourcesBuildPhase;
			buildActionMask = 2147483647;
			files = (
				CE521A161D8784AF008A8EAD /* Utilities.swift in Sources */,
				CC00AAA41D715F6E0001A377 /* customTVC.swift in Sources */,
				CC12DAC51D78E562007ADBCF /* textViewerCVC.swift in Sources */,
				CC12DA591D7138B4007ADBCF /* ViewController.swift in Sources */,
				CC12DA571D7138B4007ADBCF /* AppDelegate.swift in Sources */,
			);
			runOnlyForDeploymentPostprocessing = 0;
		};
		CC12DA631D7138B5007ADBCF /* Sources */ = {
			isa = PBXSourcesBuildPhase;
			buildActionMask = 2147483647;
			files = (
				CC12DA6C1D7138B5007ADBCF /* First_ClassTests.swift in Sources */,
			);
			runOnlyForDeploymentPostprocessing = 0;
		};
		CC12DA6E1D7138B5007ADBCF /* Sources */ = {
			isa = PBXSourcesBuildPhase;
			buildActionMask = 2147483647;
			files = (
				CC12DA771D7138B5007ADBCF /* First_ClassUITests.swift in Sources */,
			);
			runOnlyForDeploymentPostprocessing = 0;
		};
/* End PBXSourcesBuildPhase section */

/* Begin PBXTargetDependency section */
		CC12DA691D7138B5007ADBCF /* PBXTargetDependency */ = {
			isa = PBXTargetDependency;
			target = CC12DA521D7138B4007ADBCF /* First Class */;
			targetProxy = CC12DA681D7138B5007ADBCF /* PBXContainerItemProxy */;
		};
		CC12DA741D7138B5007ADBCF /* PBXTargetDependency */ = {
			isa = PBXTargetDependency;
			target = CC12DA521D7138B4007ADBCF /* First Class */;
			targetProxy = CC12DA731D7138B5007ADBCF /* PBXContainerItemProxy */;
		};
/* End PBXTargetDependency section */

/* Begin PBXVariantGroup section */
		CC12DA5A1D7138B4007ADBCF /* Main.storyboard */ = {
			isa = PBXVariantGroup;
			children = (
				CC12DA5B1D7138B4007ADBCF /* Base */,
			);
			name = Main.storyboard;
			sourceTree = "<group>";
		};
		CC12DA5F1D7138B4007ADBCF /* LaunchScreen.storyboard */ = {
			isa = PBXVariantGroup;
			children = (
				CC12DA601D7138B4007ADBCF /* Base */,
			);
			name = LaunchScreen.storyboard;
			sourceTree = "<group>";
		};
/* End PBXVariantGroup section */

/* Begin XCBuildConfiguration section */
		CC12DA791D7138B5007ADBCF /* Debug */ = {
			isa = XCBuildConfiguration;
			buildSettings = {
				ALWAYS_SEARCH_USER_PATHS = NO;
				CLANG_ANALYZER_NONNULL = YES;
				CLANG_CXX_LANGUAGE_STANDARD = "gnu++0x";
				CLANG_CXX_LIBRARY = "libc++";
				CLANG_ENABLE_MODULES = YES;
				CLANG_ENABLE_OBJC_ARC = YES;
				CLANG_WARN_BOOL_CONVERSION = YES;
				CLANG_WARN_CONSTANT_CONVERSION = YES;
				CLANG_WARN_DIRECT_OBJC_ISA_USAGE = YES_ERROR;
				CLANG_WARN_EMPTY_BODY = YES;
				CLANG_WARN_ENUM_CONVERSION = YES;
				CLANG_WARN_INT_CONVERSION = YES;
				CLANG_WARN_OBJC_ROOT_CLASS = YES_ERROR;
				CLANG_WARN_UNREACHABLE_CODE = YES;
				CLANG_WARN__DUPLICATE_METHOD_MATCH = YES;
				"CODE_SIGN_IDENTITY[sdk=iphoneos*]" = "iPhone Developer";
				COPY_PHASE_STRIP = NO;
				DEBUG_INFORMATION_FORMAT = dwarf;
				ENABLE_STRICT_OBJC_MSGSEND = YES;
				ENABLE_TESTABILITY = YES;
				GCC_C_LANGUAGE_STANDARD = gnu99;
				GCC_DYNAMIC_NO_PIC = NO;
				GCC_NO_COMMON_BLOCKS = YES;
				GCC_OPTIMIZATION_LEVEL = 0;
				GCC_PREPROCESSOR_DEFINITIONS = (
					"DEBUG=1",
					"$(inherited)",
				);
				GCC_WARN_64_TO_32_BIT_CONVERSION = YES;
				GCC_WARN_ABOUT_RETURN_TYPE = YES_ERROR;
				GCC_WARN_UNDECLARED_SELECTOR = YES;
				GCC_WARN_UNINITIALIZED_AUTOS = YES_AGGRESSIVE;
				GCC_WARN_UNUSED_FUNCTION = YES;
				GCC_WARN_UNUSED_VARIABLE = YES;
				IPHONEOS_DEPLOYMENT_TARGET = 9.3;
				MTL_ENABLE_DEBUG_INFO = YES;
				ONLY_ACTIVE_ARCH = YES;
				SDKROOT = iphoneos;
				SWIFT_OPTIMIZATION_LEVEL = "-Onone";
				TARGETED_DEVICE_FAMILY = "1,2";
			};
			name = Debug;
		};
		CC12DA7A1D7138B5007ADBCF /* Release */ = {
			isa = XCBuildConfiguration;
			buildSettings = {
				ALWAYS_SEARCH_USER_PATHS = NO;
				CLANG_ANALYZER_NONNULL = YES;
				CLANG_CXX_LANGUAGE_STANDARD = "gnu++0x";
				CLANG_CXX_LIBRARY = "libc++";
				CLANG_ENABLE_MODULES = YES;
				CLANG_ENABLE_OBJC_ARC = YES;
				CLANG_WARN_BOOL_CONVERSION = YES;
				CLANG_WARN_CONSTANT_CONVERSION = YES;
				CLANG_WARN_DIRECT_OBJC_ISA_USAGE = YES_ERROR;
				CLANG_WARN_EMPTY_BODY = YES;
				CLANG_WARN_ENUM_CONVERSION = YES;
				CLANG_WARN_INT_CONVERSION = YES;
				CLANG_WARN_OBJC_ROOT_CLASS = YES_ERROR;
				CLANG_WARN_UNREACHABLE_CODE = YES;
				CLANG_WARN__DUPLICATE_METHOD_MATCH = YES;
				"CODE_SIGN_IDENTITY[sdk=iphoneos*]" = "iPhone Developer";
				COPY_PHASE_STRIP = NO;
				DEBUG_INFORMATION_FORMAT = "dwarf-with-dsym";
				ENABLE_NS_ASSERTIONS = NO;
				ENABLE_STRICT_OBJC_MSGSEND = YES;
				GCC_C_LANGUAGE_STANDARD = gnu99;
				GCC_NO_COMMON_BLOCKS = YES;
				GCC_WARN_64_TO_32_BIT_CONVERSION = YES;
				GCC_WARN_ABOUT_RETURN_TYPE = YES_ERROR;
				GCC_WARN_UNDECLARED_SELECTOR = YES;
				GCC_WARN_UNINITIALIZED_AUTOS = YES_AGGRESSIVE;
				GCC_WARN_UNUSED_FUNCTION = YES;
				GCC_WARN_UNUSED_VARIABLE = YES;
				IPHONEOS_DEPLOYMENT_TARGET = 9.3;
				MTL_ENABLE_DEBUG_INFO = NO;
				SDKROOT = iphoneos;
				TARGETED_DEVICE_FAMILY = "1,2";
				VALIDATE_PRODUCT = YES;
			};
			name = Release;
		};
		CC12DA7C1D7138B5007ADBCF /* Debug */ = {
			isa = XCBuildConfiguration;
			buildSettings = {
				ASSETCATALOG_COMPILER_APPICON_NAME = AppIcon;
				CODE_SIGN_IDENTITY = "iPhone Developer";
				INFOPLIST_FILE = "First Class/Info.plist";
				LD_RUNPATH_SEARCH_PATHS = "$(inherited) @executable_path/Frameworks";
				PRODUCT_BUNDLE_IDENTIFIER = "com.vcz.First-Class";
				PRODUCT_NAME = "$(TARGET_NAME)";
			};
			name = Debug;
		};
		CC12DA7D1D7138B5007ADBCF /* Release */ = {
			isa = XCBuildConfiguration;
			buildSettings = {
				ASSETCATALOG_COMPILER_APPICON_NAME = AppIcon;
				CODE_SIGN_IDENTITY = "iPhone Developer";
				INFOPLIST_FILE = "First Class/Info.plist";
				LD_RUNPATH_SEARCH_PATHS = "$(inherited) @executable_path/Frameworks";
				PRODUCT_BUNDLE_IDENTIFIER = "com.vcz.First-Class";
				PRODUCT_NAME = "$(TARGET_NAME)";
			};
			name = Release;
		};
		CC12DA7F1D7138B5007ADBCF /* Debug */ = {
			isa = XCBuildConfiguration;
			buildSettings = {
				BUNDLE_LOADER = "$(TEST_HOST)";
				INFOPLIST_FILE = "First ClassTests/Info.plist";
				LD_RUNPATH_SEARCH_PATHS = "$(inherited) @executable_path/Frameworks @loader_path/Frameworks";
				PRODUCT_BUNDLE_IDENTIFIER = "com.vcz.First-ClassTests";
				PRODUCT_NAME = "$(TARGET_NAME)";
				TEST_HOST = "$(BUILT_PRODUCTS_DIR)/First Class.app/First Class";
			};
			name = Debug;
		};
		CC12DA801D7138B5007ADBCF /* Release */ = {
			isa = XCBuildConfiguration;
			buildSettings = {
				BUNDLE_LOADER = "$(TEST_HOST)";
				INFOPLIST_FILE = "First ClassTests/Info.plist";
				LD_RUNPATH_SEARCH_PATHS = "$(inherited) @executable_path/Frameworks @loader_path/Frameworks";
				PRODUCT_BUNDLE_IDENTIFIER = "com.vcz.First-ClassTests";
				PRODUCT_NAME = "$(TARGET_NAME)";
				TEST_HOST = "$(BUILT_PRODUCTS_DIR)/First Class.app/First Class";
			};
			name = Release;
		};
		CC12DA821D7138B5007ADBCF /* Debug */ = {
			isa = XCBuildConfiguration;
			buildSettings = {
				INFOPLIST_FILE = "First ClassUITests/Info.plist";
				LD_RUNPATH_SEARCH_PATHS = "$(inherited) @executable_path/Frameworks @loader_path/Frameworks";
				PRODUCT_BUNDLE_IDENTIFIER = "com.vcz.First-ClassUITests";
				PRODUCT_NAME = "$(TARGET_NAME)";
				TEST_TARGET_NAME = "First Class";
			};
			name = Debug;
		};
		CC12DA831D7138B5007ADBCF /* Release */ = {
			isa = XCBuildConfiguration;
			buildSettings = {
				INFOPLIST_FILE = "First ClassUITests/Info.plist";
				LD_RUNPATH_SEARCH_PATHS = "$(inherited) @executable_path/Frameworks @loader_path/Frameworks";
				PRODUCT_BUNDLE_IDENTIFIER = "com.vcz.First-ClassUITests";
				PRODUCT_NAME = "$(TARGET_NAME)";
				TEST_TARGET_NAME = "First Class";
			};
			name = Release;
		};
/* End XCBuildConfiguration section */

/* Begin XCConfigurationList section */
		CC12DA4E1D7138B4007ADBCF /* Build configuration list for PBXProject "First Class" */ = {
			isa = XCConfigurationList;
			buildConfigurations = (
				CC12DA791D7138B5007ADBCF /* Debug */,
				CC12DA7A1D7138B5007ADBCF /* Release */,
			);
			defaultConfigurationIsVisible = 0;
			defaultConfigurationName = Release;
		};
		CC12DA7B1D7138B5007ADBCF /* Build configuration list for PBXNativeTarget "First Class" */ = {
			isa = XCConfigurationList;
			buildConfigurations = (
				CC12DA7C1D7138B5007ADBCF /* Debug */,
				CC12DA7D1D7138B5007ADBCF /* Release */,
			);
			defaultConfigurationIsVisible = 0;
			defaultConfigurationName = Release;
		};
		CC12DA7E1D7138B5007ADBCF /* Build configuration list for PBXNativeTarget "First ClassTests" */ = {
			isa = XCConfigurationList;
			buildConfigurations = (
				CC12DA7F1D7138B5007ADBCF /* Debug */,
				CC12DA801D7138B5007ADBCF /* Release */,
			);
			defaultConfigurationIsVisible = 0;
			defaultConfigurationName = Release;
		};
		CC12DA811D7138B5007ADBCF /* Build configuration list for PBXNativeTarget "First ClassUITests" */ = {
			isa = XCConfigurationList;
			buildConfigurations = (
				CC12DA821D7138B5007ADBCF /* Debug */,
				CC12DA831D7138B5007ADBCF /* Release */,
			);
			defaultConfigurationIsVisible = 0;
			defaultConfigurationName = Release;
		};
/* End XCConfigurationList section */
	};
	rootObject = CC12DA4B1D7138B4007ADBCF /* Project object */;
}
